
Microsoft Visual Studio Solution File, Format Version 12.00
# Visual Studio Version 16
VisualStudioVersion = 16.0.29318.209
MinimumVisualStudioVersion = 10.0.40219.1
Project("{FAE04EC0-301F-11D3-BF4B-00C04F79EFBC}") = "RegressionSimple1", "RegressionSimple1\RegressionSimple1.csproj", "{C7C8F32D-79F8-454E-AB0F-3C90E5C5D353}"
EndProject
Global
	GlobalSection(SolutionConfigurationPlatforms) = preSolution
		Debug|Any CPU = Debug|Any CPU
		Release|Any CPU = Release|Any CPU
	EndGlobalSection
	GlobalSection(ProjectConfigurationPlatforms) = postSolution
		{C7C8F32D-79F8-454E-AB0F-3C90E5C5D353}.Debug|Any CPU.ActiveCfg = Debug|Any CPU
		{C7C8F32D-79F8-454E-AB0F-3C90E5C5D353}.Debug|Any CPU.Build.0 = Debug|Any CPU
		{C7C8F32D-79F8-454E-AB0F-3C90E5C5D353}.Release|Any CPU.ActiveCfg = Release|Any CPU
		{C7C8F32D-79F8-454E-AB0F-3C90E5C5D353}.Release|Any CPU.Build.0 = Release|Any CPU
	EndGlobalSection
	GlobalSection(SolutionProperties) = preSolution
		HideSolutionNode = FALSE
	EndGlobalSection
	GlobalSection(ExtensibilityGlobals) = postSolution
		SolutionGuid = {3F7EE8B1-2274-4EC1-90A0-F5BDF17471F5}
	EndGlobalSection
EndGlobal
