
Microsoft Visual Studio Solution File, Format Version 12.00
# Visual Studio Version 16
VisualStudioVersion = 16.0.29318.209
MinimumVisualStudioVersion = 10.0.40219.1
Project("{9A19103F-16F7-4668-BE54-9A1E7A4F7556}") = "RegressionSimple1", "RegressionSimple1\RegressionSimple1.csproj", "{C7C8F32D-79F8-454E-AB0F-3C90E5C5D353}"
EndProject
Global
	GlobalSection(SolutionConfigurationPlatforms) = preSolution
		Debug|Any CPU = Debug|Any CPU
		Debug|x64 = Debug|x64
		Release|Any CPU = Release|Any CPU
		Release|x64 = Release|x64
	EndGlobalSection
	GlobalSection(ProjectConfigurationPlatforms) = postSolution
		{C7C8F32D-79F8-454E-AB0F-3C90E5C5D353}.Debug|Any CPU.ActiveCfg = Debug|Any CPU
		{C7C8F32D-79F8-454E-AB0F-3C90E5C5D353}.Debug|Any CPU.Build.0 = Debug|Any CPU
		{C7C8F32D-79F8-454E-AB0F-3C90E5C5D353}.Debug|x64.ActiveCfg = Debug|x64
		{C7C8F32D-79F8-454E-AB0F-3C90E5C5D353}.Debug|x64.Build.0 = Debug|x64
		{C7C8F32D-79F8-454E-AB0F-3C90E5C5D353}.Release|Any CPU.ActiveCfg = Release|Any CPU
		{C7C8F32D-79F8-454E-AB0F-3C90E5C5D353}.Release|Any CPU.Build.0 = Release|Any CPU
		{C7C8F32D-79F8-454E-AB0F-3C90E5C5D353}.Release|x64.ActiveCfg = Release|x64
		{C7C8F32D-79F8-454E-AB0F-3C90E5C5D353}.Release|x64.Build.0 = Release|x64
	EndGlobalSection
	GlobalSection(SolutionProperties) = preSolution
		HideSolutionNode = FALSE
	EndGlobalSection
	GlobalSection(ExtensibilityGlobals) = postSolution
		SolutionGuid = {3F7EE8B1-2274-4EC1-90A0-F5BDF17471F5}
	EndGlobalSection
EndGlobal
